
Microsoft Visual Studio Solution File, Format Version 12.00
# Visual Studio Version 17
VisualStudioVersion = 17.4.33213.308
MinimumVisualStudioVersion = 10.0.40219.1
Project("{FAE04EC0-301F-11D3-BF4B-00C04F79EFBC}") = "Server_Side", "..\Server_Side\Server_Side\Server_Side.csproj", "{781CF13C-00C4-4FC1-AD7C-40205A8EC212}"
EndProject
Project("{FAE04EC0-301F-11D3-BF4B-00C04F79EFBC}") = "Client_Side_External_Operator", "..\Client_Side_External_Operator\Client_Side_External_Operator\Client_Side_External_Operator.csproj", "{DE20FEBC-4280-4559-88F9-25A66CD33CEF}"
EndProject
Project("{FAE04EC0-301F-11D3-BF4B-00C04F79EFBC}") = "Client_Side_Admin", "..\Client_Side_Admin\Client_Side_Admin\Client_Side_Admin.csproj", "{B6C6855B-8EE9-452C-958A-FA312344B2ED}"
EndProject
Global
	GlobalSection(SolutionConfigurationPlatforms) = preSolution
		Debug|Any CPU = Debug|Any CPU
		Release|Any CPU = Release|Any CPU
	EndGlobalSection
	GlobalSection(ProjectConfigurationPlatforms) = postSolution
		{781CF13C-00C4-4FC1-AD7C-40205A8EC212}.Debug|Any CPU.ActiveCfg = Debug|Any CPU
		{781CF13C-00C4-4FC1-AD7C-40205A8EC212}.Debug|Any CPU.Build.0 = Debug|Any CPU
		{781CF13C-00C4-4FC1-AD7C-40205A8EC212}.Release|Any CPU.ActiveCfg = Release|Any CPU
		{781CF13C-00C4-4FC1-AD7C-40205A8EC212}.Release|Any CPU.Build.0 = Release|Any CPU
		{DE20FEBC-4280-4559-88F9-25A66CD33CEF}.Debug|Any CPU.ActiveCfg = Debug|Any CPU
		{DE20FEBC-4280-4559-88F9-25A66CD33CEF}.Debug|Any CPU.Build.0 = Debug|Any CPU
		{DE20FEBC-4280-4559-88F9-25A66CD33CEF}.Release|Any CPU.ActiveCfg = Release|Any CPU
		{DE20FEBC-4280-4559-88F9-25A66CD33CEF}.Release|Any CPU.Build.0 = Release|Any CPU
		{B6C6855B-8EE9-452C-958A-FA312344B2ED}.Debug|Any CPU.ActiveCfg = Debug|Any CPU
		{B6C6855B-8EE9-452C-958A-FA312344B2ED}.Debug|Any CPU.Build.0 = Debug|Any CPU
		{B6C6855B-8EE9-452C-958A-FA312344B2ED}.Release|Any CPU.ActiveCfg = Release|Any CPU
		{B6C6855B-8EE9-452C-958A-FA312344B2ED}.Release|Any CPU.Build.0 = Release|Any CPU
	EndGlobalSection
	GlobalSection(SolutionProperties) = preSolution
		HideSolutionNode = FALSE
	EndGlobalSection
	GlobalSection(ExtensibilityGlobals) = postSolution
		SolutionGuid = {235AF1AA-C98D-4F1E-B650-42EC5C4E7BDA}
	EndGlobalSection
EndGlobal
