
Microsoft Visual Studio Solution File, Format Version 12.00
# Visual Studio Version 17
VisualStudioVersion = 17.4.33213.308
MinimumVisualStudioVersion = 10.0.40219.1
Project("{FAE04EC0-301F-11D3-BF4B-00C04F79EFBC}") = "Client_Side_External_Operator", "Client_Side_External_Operator\Client_Side_External_Operator.csproj", "{DE20FEBC-4280-4559-88F9-25A66CD33CEF}"
EndProject
Global
	GlobalSection(SolutionConfigurationPlatforms) = preSolution
		Debug|Any CPU = Debug|Any CPU
		Release|Any CPU = Release|Any CPU
	EndGlobalSection
	GlobalSection(ProjectConfigurationPlatforms) = postSolution
		{DE20FEBC-4280-4559-88F9-25A66CD33CEF}.Debug|Any CPU.ActiveCfg = Debug|Any CPU
		{DE20FEBC-4280-4559-88F9-25A66CD33CEF}.Debug|Any CPU.Build.0 = Debug|Any CPU
		{DE20FEBC-4280-4559-88F9-25A66CD33CEF}.Release|Any CPU.ActiveCfg = Release|Any CPU
		{DE20FEBC-4280-4559-88F9-25A66CD33CEF}.Release|Any CPU.Build.0 = Release|Any CPU
	EndGlobalSection
	GlobalSection(SolutionProperties) = preSolution
		HideSolutionNode = FALSE
	EndGlobalSection
	GlobalSection(ExtensibilityGlobals) = postSolution
		SolutionGuid = {AAC9BBCE-4D1A-46A8-A3D6-F9A3A7020420}
	EndGlobalSection
EndGlobal
